
Microsoft Visual Studio Solution File, Format Version 12.00
# Visual Studio 2013
VisualStudioVersion = 12.0.30501.0
MinimumVisualStudioVersion = 10.0.40219.1
Project("{F2A71F9B-5D33-465A-A702-920D77279786}") = "FSharpPrism5HelloWorldUnity", "FSharpPrism5HelloWorldUnity\FSharpPrism5HelloWorldUnity.fsproj", "{A7C441BA-B47B-44B7-9878-8A9269108B09}"
EndProject
Project("{2150E333-8FDC-42A3-9474-1A3956D46DE8}") = ".nuget", ".nuget", "{5076BB13-6B8D-4813-84F6-2868E31A061F}"
	ProjectSection(SolutionItems) = preProject
		.nuget\NuGet.Config = .nuget\NuGet.Config
		.nuget\NuGet.exe = .nuget\NuGet.exe
		.nuget\NuGet.targets = .nuget\NuGet.targets
	EndProjectSection
EndProject
Global
	GlobalSection(SolutionConfigurationPlatforms) = preSolution
		Debug|x86 = Debug|x86
		Release|x86 = Release|x86
	EndGlobalSection
	GlobalSection(ProjectConfigurationPlatforms) = postSolution
		{A7C441BA-B47B-44B7-9878-8A9269108B09}.Debug|x86.ActiveCfg = Debug|x86
		{A7C441BA-B47B-44B7-9878-8A9269108B09}.Debug|x86.Build.0 = Debug|x86
		{A7C441BA-B47B-44B7-9878-8A9269108B09}.Release|x86.ActiveCfg = Release|x86
		{A7C441BA-B47B-44B7-9878-8A9269108B09}.Release|x86.Build.0 = Release|x86
	EndGlobalSection
	GlobalSection(SolutionProperties) = preSolution
		HideSolutionNode = FALSE
	EndGlobalSection
EndGlobal
